
Microsoft Visual Studio Solution File, Format Version 12.00
# Visual Studio Version 16
VisualStudioVersion = 16.0.31613.86
MinimumVisualStudioVersion = 10.0.40219.1
Project("{FAE04EC0-301F-11D3-BF4B-00C04F79EFBC}") = "E-Invitation", "E-Invitation.csproj", "{0AC610E8-1C6A-40E2-A2DA-08A9B919BF17}"
EndProject
Global
	GlobalSection(SolutionConfigurationPlatforms) = preSolution
		Debug|Any CPU = Debug|Any CPU
		Release|Any CPU = Release|Any CPU
	EndGlobalSection
	GlobalSection(ProjectConfigurationPlatforms) = postSolution
		{0AC610E8-1C6A-40E2-A2DA-08A9B919BF17}.Debug|Any CPU.ActiveCfg = Debug|Any CPU
		{0AC610E8-1C6A-40E2-A2DA-08A9B919BF17}.Debug|Any CPU.Build.0 = Debug|Any CPU
		{0AC610E8-1C6A-40E2-A2DA-08A9B919BF17}.Release|Any CPU.ActiveCfg = Release|Any CPU
		{0AC610E8-1C6A-40E2-A2DA-08A9B919BF17}.Release|Any CPU.Build.0 = Release|Any CPU
	EndGlobalSection
	GlobalSection(SolutionProperties) = preSolution
		HideSolutionNode = FALSE
	EndGlobalSection
	GlobalSection(ExtensibilityGlobals) = postSolution
		SolutionGuid = {8188640C-E48E-4220-A076-FDEAB48FD594}
	EndGlobalSection
EndGlobal
